{
    "version": 3,
    "terraform_version": "0.8.3",
    "serial": 0,
    "lineage": "a640f801-672f-435c-b9fa-15a627d93fa9",
    "modules": [
        {
            "path": [
                "root"
            ],
            "outputs": {},
            "resources": {},
            "depends_on": []
        },
        {
            "path": [
                "root",
                "consul-cluster"
            ],
            "outputs": {
                "consul-dns": {
                    "sensitive": false,
                    "type": "string",
                    "value": "consul-lb-855627770.us-east-2.elb.amazonaws.com"
                }
            },
            "resources": {
                "aws_elb.consul-lb": {
                    "type": "aws_elb",
                    "depends_on": [
                        "aws_security_group.consul-cluster-public-web",
                        "aws_security_group.consul-cluster-vpc",
                        "aws_subnet.public-a",
                        "aws_subnet.public-b"
                    ],
                    "primary": {
                        "id": "consul-lb",
                        "attributes": {
                            "access_logs.#": "0",
                            "availability_zones.#": "2",
                            "availability_zones.1726430690": "us-east-2b",
                            "availability_zones.4293815384": "us-east-2a",
                            "connection_draining": "false",
                            "connection_draining_timeout": "300",
                            "cross_zone_load_balancing": "true",
                            "dns_name": "consul-lb-855627770.us-east-2.elb.amazonaws.com",
                            "health_check.#": "1",
                            "health_check.0.healthy_threshold": "2",
                            "health_check.0.interval": "30",
                            "health_check.0.target": "HTTP:8500/ui/",
                            "health_check.0.timeout": "3",
                            "health_check.0.unhealthy_threshold": "2",
                            "id": "consul-lb",
                            "idle_timeout": "60",
                            "instances.#": "0",
                            "internal": "false",
                            "listener.#": "1",
                            "listener.1053189378.instance_port": "8500",
                            "listener.1053189378.instance_protocol": "http",
                            "listener.1053189378.lb_port": "8500",
                            "listener.1053189378.lb_protocol": "http",
                            "listener.1053189378.ssl_certificate_id": "",
                            "name": "consul-lb",
                            "security_groups.#": "2",
                            "security_groups.2529514275": "sg-7d269214",
                            "security_groups.477545260": "sg-7b269212",
                            "source_security_group": "801551588932/consul-cluster-vpc",
                            "source_security_group_id": "sg-7b269212",
                            "subnets.#": "2",
                            "subnets.312806447": "subnet-6162c008",
                            "subnets.9002623": "subnet-2d20d156",
                            "tags.%": "0",
                            "zone_id": "Z3AADJGX6KTTL2"
                        },
                        "meta": {},
                        "tainted": false
                    },
                    "deposed": [],
                    "provider": ""
                },
                "aws_iam_instance_profile.consul-instance-profile": {
                    "type": "aws_iam_instance_profile",
                    "depends_on": [
                        "aws_iam_role.consul-instance-role"
                    ],
                    "primary": {
                        "id": "consul-instance-profile",
                        "attributes": {
                            "arn": "arn:aws:iam::801551588932:instance-profile/consul-instance-profile",
                            "id": "consul-instance-profile",
                            "name": "consul-instance-profile",
                            "path": "/",
                            "roles.#": "1",
                            "roles.1171046529": "consul-instance-role"
                        },
                        "meta": {},
                        "tainted": false
                    },
                    "deposed": [],
                    "provider": ""
                },
                "aws_iam_policy.forward-logs": {
                    "type": "aws_iam_policy",
                    "depends_on": [],
                    "primary": {
                        "id": "arn:aws:iam::801551588932:policy/consul-node-forward-logs",
                        "attributes": {
                            "arn": "arn:aws:iam::801551588932:policy/consul-node-forward-logs",
                            "description": "Allows an instance to forward logs to CloudWatch",
                            "id": "arn:aws:iam::801551588932:policy/consul-node-forward-logs",
                            "name": "consul-node-forward-logs",
                            "path": "/",
                            "policy": "{\n  \"Version\": \"2012-10-17\",\n  \"Statement\": [\n    {\n      \"Effect\": \"Allow\",\n      \"Action\": [\n        \"logs:CreateLogGroup\",\n        \"logs:CreateLogStream\",\n        \"logs:PutLogEvents\",\n        \"logs:DescribeLogStreams\"\n    ],\n      \"Resource\": [\n        \"arn:aws:logs:*:*:*\"\n    ]\n  }\n ]\n}\n    "
                        },
                        "meta": {},
                        "tainted": false
                    },
                    "deposed": [],
                    "provider": ""
                },
                "aws_iam_policy.leader-discovery": {
                    "type": "aws_iam_policy",
                    "depends_on": [],
                    "primary": {
                        "id": "arn:aws:iam::801551588932:policy/consul-node-leader-discovery",
                        "attributes": {
                            "arn": "arn:aws:iam::801551588932:policy/consul-node-leader-discovery",
                            "description": "This policy allows a consul server to discover a consul leader by examining the instances in a consul cluster Auto-Scaling group. It needs to describe the instances in the auto scaling group, then check the IPs of the instances.",
                            "id": "arn:aws:iam::801551588932:policy/consul-node-leader-discovery",
                            "name": "consul-node-leader-discovery",
                            "path": "/",
                            "policy": "{\n    \"Version\": \"2012-10-17\",\n    \"Statement\": [\n        {\n            \"Sid\": \"Stmt1468377974000\",\n            \"Effect\": \"Allow\",\n            \"Action\": [\n                \"autoscaling:DescribeAutoScalingInstances\",\n                \"autoscaling:DescribeAutoScalingGroups\",\n                \"ec2:DescribeInstances\"\n            ],\n            \"Resource\": [\n                \"*\"\n            ]\n        }\n    ]\n}\n    "
                        },
                        "meta": {},
                        "tainted": false
                    },
                    "deposed": [],
                    "provider": ""
                },
                "aws_iam_policy_attachment.consul-instance-forward-logs": {
                    "type": "aws_iam_policy_attachment",
                    "depends_on": [
                        "aws_iam_policy.forward-logs",
                        "aws_iam_role.consul-instance-role"
                    ],
                    "primary": {
                        "id": "consul-instance-forward-logs",
                        "attributes": {
                            "groups.#": "0",
                            "id": "consul-instance-forward-logs",
                            "name": "consul-instance-forward-logs",
                            "policy_arn": "arn:aws:iam::801551588932:policy/consul-node-forward-logs",
                            "roles.#": "1",
                            "roles.1171046529": "consul-instance-role",
                            "users.#": "0"
                        },
                        "meta": {},
                        "tainted": false
                    },
                    "deposed": [],
                    "provider": ""
                },
                "aws_iam_policy_attachment.consul-instance-leader-discovery": {
                    "type": "aws_iam_policy_attachment",
                    "depends_on": [
                        "aws_iam_policy.leader-discovery",
                        "aws_iam_role.consul-instance-role"
                    ],
                    "primary": {
                        "id": "consul-instance-leader-discovery",
                        "attributes": {
                            "groups.#": "0",
                            "id": "consul-instance-leader-discovery",
                            "name": "consul-instance-leader-discovery",
                            "policy_arn": "arn:aws:iam::801551588932:policy/consul-node-leader-discovery",
                            "roles.#": "1",
                            "roles.1171046529": "consul-instance-role",
                            "users.#": "0"
                        },
                        "meta": {},
                        "tainted": false
                    },
                    "deposed": [],
                    "provider": ""
                },
                "aws_iam_role.consul-instance-role": {
                    "type": "aws_iam_role",
                    "depends_on": [],
                    "primary": {
                        "id": "consul-instance-role",
                        "attributes": {
                            "arn": "arn:aws:iam::801551588932:role/consul-instance-role",
                            "assume_role_policy": "{\n    \"Version\": \"2012-10-17\",\n    \"Statement\": [\n        {\n            \"Action\": \"sts:AssumeRole\",\n            \"Principal\": {\n                \"Service\": \"ec2.amazonaws.com\"\n            },\n            \"Effect\": \"Allow\",\n            \"Sid\": \"\"\n        }\n    ]\n}\n",
                            "create_date": "2017-01-11T01:39:12Z",
                            "id": "consul-instance-role",
                            "name": "consul-instance-role",
                            "path": "/",
                            "unique_id": "AROAINSZANJOM6AUZL7IG"
                        },
                        "meta": {},
                        "tainted": false
                    },
                    "deposed": [],
                    "provider": ""
                },
                "aws_internet_gateway.consul-cluster": {
                    "type": "aws_internet_gateway",
                    "depends_on": [
                        "aws_vpc.consul-cluster"
                    ],
                    "primary": {
                        "id": "igw-10519379",
                        "attributes": {
                            "id": "igw-10519379",
                            "tags.%": "2",
                            "tags.Name": "Consul Cluster IGW",
                            "tags.Project": "consul-cluster",
                            "vpc_id": "vpc-b0ed3dd9"
                        },
                        "meta": {},
                        "tainted": false
                    },
                    "deposed": [],
                    "provider": ""
                },
                "aws_route_table.public": {
                    "type": "aws_route_table",
                    "depends_on": [
                        "aws_internet_gateway.consul-cluster",
                        "aws_vpc.consul-cluster"
                    ],
                    "primary": {
                        "id": "rtb-a930ecc0",
                        "attributes": {
                            "id": "rtb-a930ecc0",
                            "propagating_vgws.#": "0",
                            "route.#": "1",
                            "route.3492710569.cidr_block": "0.0.0.0/0",
                            "route.3492710569.gateway_id": "igw-10519379",
                            "route.3492710569.instance_id": "",
                            "route.3492710569.nat_gateway_id": "",
                            "route.3492710569.network_interface_id": "",
                            "route.3492710569.vpc_peering_connection_id": "",
                            "tags.%": "2",
                            "tags.Name": "Consul Cluster Public Route Table",
                            "tags.Project": "consul-cluster",
                            "vpc_id": "vpc-b0ed3dd9"
                        },
                        "meta": {},
                        "tainted": false
                    },
                    "deposed": [],
                    "provider": ""
                },
                "aws_route_table_association.public-a": {
                    "type": "aws_route_table_association",
                    "depends_on": [
                        "aws_route_table.public",
                        "aws_subnet.public-a"
                    ],
                    "primary": {
                        "id": "rtbassoc-5ba30f32",
                        "attributes": {
                            "id": "rtbassoc-5ba30f32",
                            "route_table_id": "rtb-a930ecc0",
                            "subnet_id": "subnet-6162c008"
                        },
                        "meta": {},
                        "tainted": false
                    },
                    "deposed": [],
                    "provider": ""
                },
                "aws_route_table_association.public-b": {
                    "type": "aws_route_table_association",
                    "depends_on": [
                        "aws_route_table.public",
                        "aws_subnet.public-b"
                    ],
                    "primary": {
                        "id": "rtbassoc-58a30f31",
                        "attributes": {
                            "id": "rtbassoc-58a30f31",
                            "route_table_id": "rtb-a930ecc0",
                            "subnet_id": "subnet-2d20d156"
                        },
                        "meta": {},
                        "tainted": false
                    },
                    "deposed": [],
                    "provider": ""
                },
                "aws_security_group.consul-cluster-public-ssh": {
                    "type": "aws_security_group",
                    "depends_on": [
                        "aws_vpc.consul-cluster"
                    ],
                    "primary": {
                        "id": "sg-7a269213",
                        "attributes": {
                            "description": "Security group that allows SSH traffic from internet",
                            "egress.#": "0",
                            "id": "sg-7a269213",
                            "ingress.#": "1",
                            "ingress.2541437006.cidr_blocks.#": "1",
                            "ingress.2541437006.cidr_blocks.0": "0.0.0.0/0",
                            "ingress.2541437006.from_port": "22",
                            "ingress.2541437006.protocol": "tcp",
                            "ingress.2541437006.security_groups.#": "0",
                            "ingress.2541437006.self": "false",
                            "ingress.2541437006.to_port": "22",
                            "name": "consul-cluster-public-ssh",
                            "owner_id": "801551588932",
                            "tags.%": "2",
                            "tags.Name": "Consul Cluster Public SSH",
                            "tags.Project": "consul-cluster",
                            "vpc_id": "vpc-b0ed3dd9"
                        },
                        "meta": {},
                        "tainted": false
                    },
                    "deposed": [],
                    "provider": ""
                },
                "aws_security_group.consul-cluster-public-web": {
                    "type": "aws_security_group",
                    "depends_on": [
                        "aws_vpc.consul-cluster"
                    ],
                    "primary": {
                        "id": "sg-7d269214",
                        "attributes": {
                            "description": "Security group that allows web traffic from internet",
                            "egress.#": "0",
                            "id": "sg-7d269214",
                            "ingress.#": "3",
                            "ingress.2214680975.cidr_blocks.#": "1",
                            "ingress.2214680975.cidr_blocks.0": "0.0.0.0/0",
                            "ingress.2214680975.from_port": "80",
                            "ingress.2214680975.protocol": "tcp",
                            "ingress.2214680975.security_groups.#": "0",
                            "ingress.2214680975.self": "false",
                            "ingress.2214680975.to_port": "80",
                            "ingress.2617001939.cidr_blocks.#": "1",
                            "ingress.2617001939.cidr_blocks.0": "0.0.0.0/0",
                            "ingress.2617001939.from_port": "443",
                            "ingress.2617001939.protocol": "tcp",
                            "ingress.2617001939.security_groups.#": "0",
                            "ingress.2617001939.self": "false",
                            "ingress.2617001939.to_port": "443",
                            "ingress.3482902040.cidr_blocks.#": "1",
                            "ingress.3482902040.cidr_blocks.0": "0.0.0.0/0",
                            "ingress.3482902040.from_port": "8500",
                            "ingress.3482902040.protocol": "tcp",
                            "ingress.3482902040.security_groups.#": "0",
                            "ingress.3482902040.self": "false",
                            "ingress.3482902040.to_port": "8500",
                            "name": "consul-cluster-public-web",
                            "owner_id": "801551588932",
                            "tags.%": "2",
                            "tags.Name": "Consul Cluster Public Web",
                            "tags.Project": "consul-cluster",
                            "vpc_id": "vpc-b0ed3dd9"
                        },
                        "meta": {},
                        "tainted": false
                    },
                    "deposed": [],
                    "provider": ""
                },
                "aws_security_group.consul-cluster-vpc": {
                    "type": "aws_security_group",
                    "depends_on": [
                        "aws_vpc.consul-cluster"
                    ],
                    "primary": {
                        "id": "sg-7b269212",
                        "attributes": {
                            "description": "Default security group that allows inbound and outbound traffic from all instances in the VPC",
                            "egress.#": "3",
                            "egress.2214680975.cidr_blocks.#": "1",
                            "egress.2214680975.cidr_blocks.0": "0.0.0.0/0",
                            "egress.2214680975.from_port": "80",
                            "egress.2214680975.prefix_list_ids.#": "0",
                            "egress.2214680975.protocol": "tcp",
                            "egress.2214680975.security_groups.#": "0",
                            "egress.2214680975.self": "false",
                            "egress.2214680975.to_port": "80",
                            "egress.2617001939.cidr_blocks.#": "1",
                            "egress.2617001939.cidr_blocks.0": "0.0.0.0/0",
                            "egress.2617001939.from_port": "443",
                            "egress.2617001939.prefix_list_ids.#": "0",
                            "egress.2617001939.protocol": "tcp",
                            "egress.2617001939.security_groups.#": "0",
                            "egress.2617001939.self": "false",
                            "egress.2617001939.to_port": "443",
                            "egress.753360330.cidr_blocks.#": "0",
                            "egress.753360330.from_port": "0",
                            "egress.753360330.prefix_list_ids.#": "0",
                            "egress.753360330.protocol": "-1",
                            "egress.753360330.security_groups.#": "0",
                            "egress.753360330.self": "true",
                            "egress.753360330.to_port": "0",
                            "id": "sg-7b269212",
                            "ingress.#": "1",
                            "ingress.753360330.cidr_blocks.#": "0",
                            "ingress.753360330.from_port": "0",
                            "ingress.753360330.protocol": "-1",
                            "ingress.753360330.security_groups.#": "0",
                            "ingress.753360330.self": "true",
                            "ingress.753360330.to_port": "0",
                            "name": "consul-cluster-vpc",
                            "owner_id": "801551588932",
                            "tags.%": "2",
                            "tags.Name": "Consul Cluster Internal VPC",
                            "tags.Project": "consul-cluster",
                            "vpc_id": "vpc-b0ed3dd9"
                        },
                        "meta": {},
                        "tainted": false
                    },
                    "deposed": [],
                    "provider": ""
                },
                "aws_subnet.public-a": {
                    "type": "aws_subnet",
                    "depends_on": [
                        "aws_internet_gateway.consul-cluster",
                        "aws_vpc.consul-cluster"
                    ],
                    "primary": {
                        "id": "subnet-6162c008",
                        "attributes": {
                            "availability_zone": "us-east-2a",
                            "cidr_block": "10.0.1.0/24",
                            "id": "subnet-6162c008",
                            "map_public_ip_on_launch": "true",
                            "tags.%": "2",
                            "tags.Name": "Consul Cluster Public Subnet",
                            "tags.Project": "consul-cluster",
                            "vpc_id": "vpc-b0ed3dd9"
                        },
                        "meta": {},
                        "tainted": false
                    },
                    "deposed": [],
                    "provider": ""
                },
                "aws_subnet.public-b": {
                    "type": "aws_subnet",
                    "depends_on": [
                        "aws_internet_gateway.consul-cluster",
                        "aws_vpc.consul-cluster"
                    ],
                    "primary": {
                        "id": "subnet-2d20d156",
                        "attributes": {
                            "availability_zone": "us-east-2b",
                            "cidr_block": "10.0.2.0/24",
                            "id": "subnet-2d20d156",
                            "map_public_ip_on_launch": "true",
                            "tags.%": "2",
                            "tags.Name": "Consul Cluster Public Subnet",
                            "tags.Project": "consul-cluster",
                            "vpc_id": "vpc-b0ed3dd9"
                        },
                        "meta": {},
                        "tainted": false
                    },
                    "deposed": [],
                    "provider": ""
                },
                "aws_vpc.consul-cluster": {
                    "type": "aws_vpc",
                    "depends_on": [],
                    "primary": {
                        "id": "vpc-b0ed3dd9",
                        "attributes": {
                            "cidr_block": "10.0.0.0/16",
                            "default_network_acl_id": "acl-0ae03d63",
                            "default_route_table_id": "rtb-d230ecbb",
                            "default_security_group_id": "sg-6426920d",
                            "dhcp_options_id": "dopt-140cc77d",
                            "enable_dns_hostnames": "true",
                            "enable_dns_support": "true",
                            "id": "vpc-b0ed3dd9",
                            "instance_tenancy": "default",
                            "main_route_table_id": "rtb-d230ecbb",
                            "tags.%": "2",
                            "tags.Name": "Consul Cluster VPC",
                            "tags.Project": "consul-cluster"
                        },
                        "meta": {},
                        "tainted": false
                    },
                    "deposed": [],
                    "provider": ""
                },
                "data.aws_ami.amazonlinux": {
                    "type": "aws_ami",
                    "depends_on": [],
                    "primary": {
                        "id": "ami-96cd97f3",
                        "attributes": {
                            "architecture": "x86_64",
                            "block_device_mappings.#": "0",
                            "creation_date": "2016-12-20T23:27:32.000Z",
                            "description": "Amazon Linux AMI 2016.09.1.20161221 x86_64 HVM S3",
                            "filter.#": "3",
                            "filter.2313955347.name": "name",
                            "filter.2313955347.values.#": "1",
                            "filter.2313955347.values.0": "amzn-ami-hvm-*",
                            "filter.3386043752.name": "architecture",
                            "filter.3386043752.values.#": "1",
                            "filter.3386043752.values.0": "x86_64",
                            "filter.490168357.name": "virtualization-type",
                            "filter.490168357.values.#": "1",
                            "filter.490168357.values.0": "hvm",
                            "hypervisor": "xen",
                            "id": "ami-96cd97f3",
                            "image_id": "ami-96cd97f3",
                            "image_location": "amzn-ami-us-east-2/01c890053cda386aff431becc195c3e93374ff709d159734962445bbb097c0ca/137112412989/amzn-ami-hvm-2016.09.1.20161221-x86_64.ext4.gpt.10g.manifest.xml",
                            "image_owner_alias": "amazon",
                            "image_type": "machine",
                            "most_recent": "true",
                            "name": "amzn-ami-hvm-2016.09.1.20161221-x86_64-s3",
                            "owner_id": "137112412989",
                            "owners.#": "1",
                            "owners.0": "137112412989",
                            "product_codes.#": "0",
                            "public": "true",
                            "root_device_type": "instance-store",
                            "sriov_net_support": "simple",
                            "state": "available",
                            "state_reason.%": "2",
                            "state_reason.code": "UNSET",
                            "state_reason.message": "UNSET",
                            "tags.#": "0",
                            "virtualization_type": "hvm"
                        },
                        "meta": {},
                        "tainted": false
                    },
                    "deposed": [],
                    "provider": ""
                }
            },
            "depends_on": []
        }
    ]
}
