{
    "version": 3,
    "terraform_version": "0.8.3",
    "serial": 2,
    "lineage": "a640f801-672f-435c-b9fa-15a627d93fa9",
    "modules": [
        {
            "path": [
                "root"
            ],
            "outputs": {},
            "resources": {},
            "depends_on": []
        },
        {
            "path": [
                "root",
                "consul-cluster"
            ],
            "outputs": {},
            "resources": {
                "aws_iam_instance_profile.consul-instance-profile": {
                    "type": "aws_iam_instance_profile",
                    "depends_on": [
                        "aws_iam_role.consul-instance-role"
                    ],
                    "primary": {
                        "id": "consul-instance-profile",
                        "attributes": {
                            "arn": "arn:aws:iam::801551588932:instance-profile/consul-instance-profile",
                            "id": "consul-instance-profile",
                            "name": "consul-instance-profile",
                            "path": "/",
                            "roles.#": "1",
                            "roles.1171046529": "consul-instance-role"
                        },
                        "meta": {},
                        "tainted": false
                    },
                    "deposed": [],
                    "provider": ""
                },
                "aws_iam_role.consul-instance-role": {
                    "type": "aws_iam_role",
                    "depends_on": [],
                    "primary": {
                        "id": "consul-instance-role",
                        "attributes": {
                            "arn": "arn:aws:iam::801551588932:role/consul-instance-role",
                            "assume_role_policy": "{\"Version\":\"2012-10-17\",\"Statement\":[{\"Sid\":\"\",\"Effect\":\"Allow\",\"Principal\":{\"Service\":\"ec2.amazonaws.com\"},\"Action\":\"sts:AssumeRole\"}]}",
                            "create_date": "2017-01-11T01:39:12Z",
                            "id": "consul-instance-role",
                            "name": "consul-instance-role",
                            "path": "/",
                            "unique_id": "AROAINSZANJOM6AUZL7IG"
                        },
                        "meta": {},
                        "tainted": false
                    },
                    "deposed": [],
                    "provider": ""
                },
                "aws_launch_configuration.consul-cluster-lc": {
                    "type": "aws_launch_configuration",
                    "depends_on": [
                        "aws_iam_instance_profile.consul-instance-profile",
                        "aws_security_group.consul-cluster-public-ssh",
                        "aws_security_group.consul-cluster-public-web",
                        "aws_security_group.consul-cluster-vpc",
                        "data.aws_ami.amazonlinux"
                    ],
                    "primary": {
                        "id": "consul-node-00149ec68702d57043efe33e22",
                        "attributes": {
                            "associate_public_ip_address": "false",
                            "ebs_block_device.#": "0",
                            "ebs_optimized": "false",
                            "enable_monitoring": "true",
                            "ephemeral_block_device.#": "0",
                            "iam_instance_profile": "consul-instance-profile",
                            "id": "consul-node-00149ec68702d57043efe33e22",
                            "image_id": "ami-96cd97f3",
                            "instance_type": "t2.micro",
                            "key_name": "consul-cluster",
                            "name": "consul-node-00149ec68702d57043efe33e22",
                            "name_prefix": "consul-node-",
                            "root_block_device.#": "0",
                            "security_groups.#": "3",
                            "security_groups.1520036135": "sg-7a269213",
                            "security_groups.2529514275": "sg-7d269214",
                            "security_groups.477545260": "sg-7b269212",
                            "spot_price": "",
                            "user_data": "65266580181fc46c9f8342be76fec32552cb7889",
                            "vpc_classic_link_id": "",
                            "vpc_classic_link_security_groups.#": "0"
                        },
                        "meta": {},
                        "tainted": false
                    },
                    "deposed": [],
                    "provider": ""
                },
                "aws_security_group.consul-cluster-public-ssh": {
                    "type": "aws_security_group",
                    "depends_on": [
                        "aws_vpc.consul-cluster"
                    ],
                    "primary": {
                        "id": "sg-7a269213",
                        "attributes": {
                            "description": "Security group that allows SSH traffic from internet",
                            "egress.#": "0",
                            "id": "sg-7a269213",
                            "ingress.#": "1",
                            "ingress.2541437006.cidr_blocks.#": "1",
                            "ingress.2541437006.cidr_blocks.0": "0.0.0.0/0",
                            "ingress.2541437006.from_port": "22",
                            "ingress.2541437006.protocol": "tcp",
                            "ingress.2541437006.security_groups.#": "0",
                            "ingress.2541437006.self": "false",
                            "ingress.2541437006.to_port": "22",
                            "name": "consul-cluster-public-ssh",
                            "owner_id": "801551588932",
                            "tags.%": "2",
                            "tags.Name": "Consul Cluster Public SSH",
                            "tags.Project": "consul-cluster",
                            "vpc_id": "vpc-b0ed3dd9"
                        },
                        "meta": {},
                        "tainted": false
                    },
                    "deposed": [],
                    "provider": ""
                },
                "aws_security_group.consul-cluster-public-web": {
                    "type": "aws_security_group",
                    "depends_on": [
                        "aws_vpc.consul-cluster"
                    ],
                    "primary": {
                        "id": "sg-7d269214",
                        "attributes": {
                            "description": "Security group that allows web traffic from internet",
                            "egress.#": "0",
                            "id": "sg-7d269214",
                            "ingress.#": "3",
                            "ingress.2214680975.cidr_blocks.#": "1",
                            "ingress.2214680975.cidr_blocks.0": "0.0.0.0/0",
                            "ingress.2214680975.from_port": "80",
                            "ingress.2214680975.protocol": "tcp",
                            "ingress.2214680975.security_groups.#": "0",
                            "ingress.2214680975.self": "false",
                            "ingress.2214680975.to_port": "80",
                            "ingress.2617001939.cidr_blocks.#": "1",
                            "ingress.2617001939.cidr_blocks.0": "0.0.0.0/0",
                            "ingress.2617001939.from_port": "443",
                            "ingress.2617001939.protocol": "tcp",
                            "ingress.2617001939.security_groups.#": "0",
                            "ingress.2617001939.self": "false",
                            "ingress.2617001939.to_port": "443",
                            "ingress.3482902040.cidr_blocks.#": "1",
                            "ingress.3482902040.cidr_blocks.0": "0.0.0.0/0",
                            "ingress.3482902040.from_port": "8500",
                            "ingress.3482902040.protocol": "tcp",
                            "ingress.3482902040.security_groups.#": "0",
                            "ingress.3482902040.self": "false",
                            "ingress.3482902040.to_port": "8500",
                            "name": "consul-cluster-public-web",
                            "owner_id": "801551588932",
                            "tags.%": "2",
                            "tags.Name": "Consul Cluster Public Web",
                            "tags.Project": "consul-cluster",
                            "vpc_id": "vpc-b0ed3dd9"
                        },
                        "meta": {},
                        "tainted": false
                    },
                    "deposed": [],
                    "provider": ""
                },
                "aws_security_group.consul-cluster-vpc": {
                    "type": "aws_security_group",
                    "depends_on": [
                        "aws_vpc.consul-cluster"
                    ],
                    "primary": {
                        "id": "sg-7b269212",
                        "attributes": {
                            "description": "Default security group that allows inbound and outbound traffic from all instances in the VPC",
                            "egress.#": "3",
                            "egress.2214680975.cidr_blocks.#": "1",
                            "egress.2214680975.cidr_blocks.0": "0.0.0.0/0",
                            "egress.2214680975.from_port": "80",
                            "egress.2214680975.prefix_list_ids.#": "0",
                            "egress.2214680975.protocol": "tcp",
                            "egress.2214680975.security_groups.#": "0",
                            "egress.2214680975.self": "false",
                            "egress.2214680975.to_port": "80",
                            "egress.2617001939.cidr_blocks.#": "1",
                            "egress.2617001939.cidr_blocks.0": "0.0.0.0/0",
                            "egress.2617001939.from_port": "443",
                            "egress.2617001939.prefix_list_ids.#": "0",
                            "egress.2617001939.protocol": "tcp",
                            "egress.2617001939.security_groups.#": "0",
                            "egress.2617001939.self": "false",
                            "egress.2617001939.to_port": "443",
                            "egress.753360330.cidr_blocks.#": "0",
                            "egress.753360330.from_port": "0",
                            "egress.753360330.prefix_list_ids.#": "0",
                            "egress.753360330.protocol": "-1",
                            "egress.753360330.security_groups.#": "0",
                            "egress.753360330.self": "true",
                            "egress.753360330.to_port": "0",
                            "id": "sg-7b269212",
                            "ingress.#": "1",
                            "ingress.753360330.cidr_blocks.#": "0",
                            "ingress.753360330.from_port": "0",
                            "ingress.753360330.protocol": "-1",
                            "ingress.753360330.security_groups.#": "0",
                            "ingress.753360330.self": "true",
                            "ingress.753360330.to_port": "0",
                            "name": "consul-cluster-vpc",
                            "owner_id": "801551588932",
                            "tags.%": "2",
                            "tags.Name": "Consul Cluster Internal VPC",
                            "tags.Project": "consul-cluster",
                            "vpc_id": "vpc-b0ed3dd9"
                        },
                        "meta": {},
                        "tainted": false
                    },
                    "deposed": [],
                    "provider": ""
                },
                "aws_vpc.consul-cluster": {
                    "type": "aws_vpc",
                    "depends_on": [],
                    "primary": {
                        "id": "vpc-b0ed3dd9",
                        "attributes": {
                            "cidr_block": "10.0.0.0/16",
                            "default_network_acl_id": "acl-0ae03d63",
                            "default_route_table_id": "rtb-d230ecbb",
                            "default_security_group_id": "sg-6426920d",
                            "dhcp_options_id": "dopt-140cc77d",
                            "enable_dns_hostnames": "true",
                            "enable_dns_support": "true",
                            "id": "vpc-b0ed3dd9",
                            "instance_tenancy": "default",
                            "main_route_table_id": "rtb-d230ecbb",
                            "tags.%": "2",
                            "tags.Name": "Consul Cluster VPC",
                            "tags.Project": "consul-cluster"
                        },
                        "meta": {},
                        "tainted": false
                    },
                    "deposed": [],
                    "provider": ""
                },
                "data.aws_ami.amazonlinux": {
                    "type": "aws_ami",
                    "depends_on": [],
                    "primary": {
                        "id": "ami-96cd97f3",
                        "attributes": {
                            "architecture": "x86_64",
                            "block_device_mappings.#": "0",
                            "creation_date": "2016-12-20T23:27:32.000Z",
                            "description": "Amazon Linux AMI 2016.09.1.20161221 x86_64 HVM S3",
                            "filter.#": "3",
                            "filter.2313955347.name": "name",
                            "filter.2313955347.values.#": "1",
                            "filter.2313955347.values.0": "amzn-ami-hvm-*",
                            "filter.3386043752.name": "architecture",
                            "filter.3386043752.values.#": "1",
                            "filter.3386043752.values.0": "x86_64",
                            "filter.490168357.name": "virtualization-type",
                            "filter.490168357.values.#": "1",
                            "filter.490168357.values.0": "hvm",
                            "hypervisor": "xen",
                            "id": "ami-96cd97f3",
                            "image_id": "ami-96cd97f3",
                            "image_location": "amzn-ami-us-east-2/01c890053cda386aff431becc195c3e93374ff709d159734962445bbb097c0ca/137112412989/amzn-ami-hvm-2016.09.1.20161221-x86_64.ext4.gpt.10g.manifest.xml",
                            "image_owner_alias": "amazon",
                            "image_type": "machine",
                            "most_recent": "true",
                            "name": "amzn-ami-hvm-2016.09.1.20161221-x86_64-s3",
                            "owner_id": "137112412989",
                            "owners.#": "1",
                            "owners.0": "137112412989",
                            "product_codes.#": "0",
                            "public": "true",
                            "root_device_type": "instance-store",
                            "sriov_net_support": "simple",
                            "state": "available",
                            "state_reason.%": "2",
                            "state_reason.code": "UNSET",
                            "state_reason.message": "UNSET",
                            "tags.#": "0",
                            "virtualization_type": "hvm"
                        },
                        "meta": {},
                        "tainted": false
                    },
                    "deposed": [],
                    "provider": ""
                }
            },
            "depends_on": []
        }
    ]
}
