{
    "version": 3,
    "terraform_version": "0.8.3",
    "serial": 8,
    "lineage": "a640f801-672f-435c-b9fa-15a627d93fa9",
    "modules": [
        {
            "path": [
                "root"
            ],
            "outputs": {},
            "resources": {},
            "depends_on": []
        },
        {
            "path": [
                "root",
                "consul-cluster"
            ],
            "outputs": {
                "consul-dns": {
                    "sensitive": false,
                    "type": "string",
                    "value": "consul-lb-1352202284.us-east-2.elb.amazonaws.com"
                }
            },
            "resources": {
                "aws_autoscaling_group.consul-cluster-asg": {
                    "type": "aws_autoscaling_group",
                    "depends_on": [
                        "aws_elb.consul-lb",
                        "aws_launch_configuration.consul-cluster-lc",
                        "aws_launch_configuration.consul-cluster-lc",
                        "aws_subnet.public-a",
                        "aws_subnet.public-b"
                    ],
                    "primary": {
                        "id": "consul-asg",
                        "attributes": {
                            "arn": "arn:aws:autoscaling:us-east-2:801551588932:autoScalingGroup:84446edd-06fb-428a-b419-e437fb434194:autoScalingGroupName/consul-asg",
                            "availability_zones.#": "2",
                            "availability_zones.1726430690": "us-east-2b",
                            "availability_zones.4293815384": "us-east-2a",
                            "default_cooldown": "300",
                            "desired_capacity": "5",
                            "force_delete": "false",
                            "health_check_grace_period": "300",
                            "health_check_type": "EC2",
                            "id": "consul-asg",
                            "launch_configuration": "consul-node-00e2c7eb179c053e7274e0e4e8",
                            "load_balancers.#": "1",
                            "load_balancers.3333457255": "consul-lb",
                            "max_size": "5",
                            "metrics_granularity": "1Minute",
                            "min_size": "5",
                            "name": "consul-asg",
                            "placement_group": "",
                            "protect_from_scale_in": "false",
                            "suspended_processes.#": "0",
                            "tag.#": "2",
                            "tag.1275856968.key": "Name",
                            "tag.1275856968.propagate_at_launch": "true",
                            "tag.1275856968.value": "Consul Node",
                            "tag.1367146321.key": "Project",
                            "tag.1367146321.propagate_at_launch": "true",
                            "tag.1367146321.value": "consul-cluster",
                            "target_group_arns.#": "0",
                            "termination_policies.#": "0",
                            "vpc_zone_identifier.#": "2",
                            "vpc_zone_identifier.1444797601": "subnet-b367c5da",
                            "vpc_zone_identifier.4217265509": "subnet-5727d62c",
                            "wait_for_capacity_timeout": "10m"
                        },
                        "meta": {},
                        "tainted": false
                    },
                    "deposed": [],
                    "provider": ""
                },
                "aws_elb.consul-lb": {
                    "type": "aws_elb",
                    "depends_on": [
                        "aws_security_group.consul-cluster-public-web",
                        "aws_security_group.consul-cluster-vpc",
                        "aws_subnet.public-a",
                        "aws_subnet.public-b"
                    ],
                    "primary": {
                        "id": "consul-lb",
                        "attributes": {
                            "access_logs.#": "0",
                            "availability_zones.#": "2",
                            "availability_zones.1726430690": "us-east-2b",
                            "availability_zones.4293815384": "us-east-2a",
                            "connection_draining": "false",
                            "connection_draining_timeout": "300",
                            "cross_zone_load_balancing": "true",
                            "dns_name": "consul-lb-1352202284.us-east-2.elb.amazonaws.com",
                            "health_check.#": "1",
                            "health_check.0.healthy_threshold": "2",
                            "health_check.0.interval": "30",
                            "health_check.0.target": "HTTP:8500/ui/",
                            "health_check.0.timeout": "3",
                            "health_check.0.unhealthy_threshold": "2",
                            "id": "consul-lb",
                            "idle_timeout": "60",
                            "instances.#": "0",
                            "internal": "false",
                            "listener.#": "1",
                            "listener.1053189378.instance_port": "8500",
                            "listener.1053189378.instance_protocol": "http",
                            "listener.1053189378.lb_port": "8500",
                            "listener.1053189378.lb_protocol": "http",
                            "listener.1053189378.ssl_certificate_id": "",
                            "name": "consul-lb",
                            "security_groups.#": "2",
                            "security_groups.1760679999": "sg-3a289c53",
                            "security_groups.773780020": "sg-3b289c52",
                            "source_security_group": "801551588932/consul-cluster-vpc",
                            "source_security_group_id": "sg-3a289c53",
                            "subnets.#": "2",
                            "subnets.1444797601": "subnet-b367c5da",
                            "subnets.4217265509": "subnet-5727d62c",
                            "tags.%": "0",
                            "zone_id": "Z3AADJGX6KTTL2"
                        },
                        "meta": {},
                        "tainted": false
                    },
                    "deposed": [],
                    "provider": ""
                },
                "aws_iam_instance_profile.consul-instance-profile": {
                    "type": "aws_iam_instance_profile",
                    "depends_on": [
                        "aws_iam_role.consul-instance-role"
                    ],
                    "primary": {
                        "id": "consul-instance-profile",
                        "attributes": {
                            "arn": "arn:aws:iam::801551588932:instance-profile/consul-instance-profile",
                            "id": "consul-instance-profile",
                            "name": "consul-instance-profile",
                            "path": "/",
                            "roles.#": "1",
                            "roles.1171046529": "consul-instance-role"
                        },
                        "meta": {},
                        "tainted": false
                    },
                    "deposed": [],
                    "provider": ""
                },
                "aws_iam_policy.forward-logs": {
                    "type": "aws_iam_policy",
                    "depends_on": [],
                    "primary": {
                        "id": "arn:aws:iam::801551588932:policy/consul-node-forward-logs",
                        "attributes": {
                            "arn": "arn:aws:iam::801551588932:policy/consul-node-forward-logs",
                            "description": "Allows an instance to forward logs to CloudWatch",
                            "id": "arn:aws:iam::801551588932:policy/consul-node-forward-logs",
                            "name": "consul-node-forward-logs",
                            "path": "/",
                            "policy": "{\n  \"Version\": \"2012-10-17\",\n  \"Statement\": [\n    {\n      \"Effect\": \"Allow\",\n      \"Action\": [\n        \"logs:CreateLogGroup\",\n        \"logs:CreateLogStream\",\n        \"logs:PutLogEvents\",\n        \"logs:DescribeLogStreams\"\n    ],\n      \"Resource\": [\n        \"arn:aws:logs:*:*:*\"\n    ]\n  }\n ]\n}\n    "
                        },
                        "meta": {},
                        "tainted": false
                    },
                    "deposed": [],
                    "provider": ""
                },
                "aws_iam_policy.leader-discovery": {
                    "type": "aws_iam_policy",
                    "depends_on": [],
                    "primary": {
                        "id": "arn:aws:iam::801551588932:policy/consul-node-leader-discovery",
                        "attributes": {
                            "arn": "arn:aws:iam::801551588932:policy/consul-node-leader-discovery",
                            "description": "This policy allows a consul server to discover a consul leader by examining the instances in a consul cluster Auto-Scaling group. It needs to describe the instances in the auto scaling group, then check the IPs of the instances.",
                            "id": "arn:aws:iam::801551588932:policy/consul-node-leader-discovery",
                            "name": "consul-node-leader-discovery",
                            "path": "/",
                            "policy": "{\n    \"Version\": \"2012-10-17\",\n    \"Statement\": [\n        {\n            \"Sid\": \"Stmt1468377974000\",\n            \"Effect\": \"Allow\",\n            \"Action\": [\n                \"autoscaling:DescribeAutoScalingInstances\",\n                \"autoscaling:DescribeAutoScalingGroups\",\n                \"ec2:DescribeInstances\"\n            ],\n            \"Resource\": [\n                \"*\"\n            ]\n        }\n    ]\n}\n    "
                        },
                        "meta": {},
                        "tainted": false
                    },
                    "deposed": [],
                    "provider": ""
                },
                "aws_iam_policy_attachment.consul-instance-forward-logs": {
                    "type": "aws_iam_policy_attachment",
                    "depends_on": [
                        "aws_iam_policy.forward-logs",
                        "aws_iam_role.consul-instance-role"
                    ],
                    "primary": {
                        "id": "consul-instance-forward-logs",
                        "attributes": {
                            "groups.#": "0",
                            "id": "consul-instance-forward-logs",
                            "name": "consul-instance-forward-logs",
                            "policy_arn": "arn:aws:iam::801551588932:policy/consul-node-forward-logs",
                            "roles.#": "1",
                            "roles.1171046529": "consul-instance-role",
                            "users.#": "0"
                        },
                        "meta": {},
                        "tainted": false
                    },
                    "deposed": [],
                    "provider": ""
                },
                "aws_iam_policy_attachment.consul-instance-leader-discovery": {
                    "type": "aws_iam_policy_attachment",
                    "depends_on": [
                        "aws_iam_policy.leader-discovery",
                        "aws_iam_role.consul-instance-role"
                    ],
                    "primary": {
                        "id": "consul-instance-leader-discovery",
                        "attributes": {
                            "groups.#": "0",
                            "id": "consul-instance-leader-discovery",
                            "name": "consul-instance-leader-discovery",
                            "policy_arn": "arn:aws:iam::801551588932:policy/consul-node-leader-discovery",
                            "roles.#": "1",
                            "roles.1171046529": "consul-instance-role",
                            "users.#": "0"
                        },
                        "meta": {},
                        "tainted": false
                    },
                    "deposed": [],
                    "provider": ""
                },
                "aws_iam_role.consul-instance-role": {
                    "type": "aws_iam_role",
                    "depends_on": [],
                    "primary": {
                        "id": "consul-instance-role",
                        "attributes": {
                            "arn": "arn:aws:iam::801551588932:role/consul-instance-role",
                            "assume_role_policy": "{\n    \"Version\": \"2012-10-17\",\n    \"Statement\": [\n        {\n            \"Action\": \"sts:AssumeRole\",\n            \"Principal\": {\n                \"Service\": \"ec2.amazonaws.com\"\n            },\n            \"Effect\": \"Allow\",\n            \"Sid\": \"\"\n        }\n    ]\n}\n",
                            "create_date": "2017-01-11T02:57:28Z",
                            "id": "consul-instance-role",
                            "name": "consul-instance-role",
                            "path": "/",
                            "unique_id": "AROAIS5EFFMSVXR2U743Q"
                        },
                        "meta": {},
                        "tainted": false
                    },
                    "deposed": [],
                    "provider": ""
                },
                "aws_internet_gateway.consul-cluster": {
                    "type": "aws_internet_gateway",
                    "depends_on": [
                        "aws_vpc.consul-cluster"
                    ],
                    "primary": {
                        "id": "igw-5c5a9835",
                        "attributes": {
                            "id": "igw-5c5a9835",
                            "tags.%": "2",
                            "tags.Name": "Consul Cluster IGW",
                            "tags.Project": "consul-cluster",
                            "vpc_id": "vpc-7c14c415"
                        },
                        "meta": {},
                        "tainted": false
                    },
                    "deposed": [],
                    "provider": ""
                },
                "aws_key_pair.auth": {
                    "type": "aws_key_pair",
                    "depends_on": [],
                    "primary": {
                        "id": "consul-cluster",
                        "attributes": {
                            "id": "consul-cluster",
                            "key_name": "consul-cluster",
                            "public_key": "ssh-rsa AAAAB3NzaC1yc2EAAAADAQABAAABAQCjwM5C+60iwwPY6IEb3Y4D2tWQqfF9wnOGYVRlOnJkpsAIq4kGMoC9zaH1Ydmfe4tvMRQ6sHv2FecyfGpMQZoNVf7ZHyxclSUndyPFzUsrkCAKhiFcjN0rd5Aqv63Cm3zDDkmnVZ7bSKymJBQyU8U6c9Wxr/qG8EDNFAPE7g30tZ2cQlqEsgI+A/ABR+EmwWTVIw5V3LJEiFFz9Um0wxlfZyFf+LuasjaC4YmLV/qmewiIWPMmzElzHmiajCZ6mJQ7eP9kdpTCucITMBILRSLvTZxQvnYjhdbrRjMUikv9SwXf8A0cYYCPo0cXI5pjYac+eKEFXFv83WRlLUUCWQq/ absdevopscx@Abduls-MBP"
                        },
                        "meta": {
                            "schema_version": "1"
                        },
                        "tainted": false
                    },
                    "deposed": [],
                    "provider": ""
                },
                "aws_launch_configuration.consul-cluster-lc": {
                    "type": "aws_launch_configuration",
                    "depends_on": [
                        "aws_iam_instance_profile.consul-instance-profile",
                        "aws_security_group.consul-cluster-public-ssh",
                        "aws_security_group.consul-cluster-public-web",
                        "aws_security_group.consul-cluster-vpc",
                        "data.aws_ami.amazonlinux",
                        "data.template_file.consul"
                    ],
                    "primary": {
                        "id": "consul-node-00e2c7eb179c053e7274e0e4e8",
                        "attributes": {
                            "associate_public_ip_address": "false",
                            "ebs_block_device.#": "0",
                            "ebs_optimized": "false",
                            "enable_monitoring": "true",
                            "ephemeral_block_device.#": "0",
                            "iam_instance_profile": "consul-instance-profile",
                            "id": "consul-node-00e2c7eb179c053e7274e0e4e8",
                            "image_id": "ami-39cd975c",
                            "instance_type": "t2.micro",
                            "key_name": "consul-cluster",
                            "name": "consul-node-00e2c7eb179c053e7274e0e4e8",
                            "name_prefix": "consul-node-",
                            "root_block_device.#": "0",
                            "security_groups.#": "3",
                            "security_groups.1760679999": "sg-3a289c53",
                            "security_groups.2762826299": "sg-3d289c54",
                            "security_groups.773780020": "sg-3b289c52",
                            "spot_price": "",
                            "user_data": "d34e50564114a2e0d0afe9e2e3824b07cd8422bc",
                            "vpc_classic_link_id": "",
                            "vpc_classic_link_security_groups.#": "0"
                        },
                        "meta": {},
                        "tainted": false
                    },
                    "deposed": [],
                    "provider": ""
                },
                "aws_route_table.public": {
                    "type": "aws_route_table",
                    "depends_on": [
                        "aws_internet_gateway.consul-cluster",
                        "aws_vpc.consul-cluster"
                    ],
                    "primary": {
                        "id": "rtb-6b28f402",
                        "attributes": {
                            "id": "rtb-6b28f402",
                            "propagating_vgws.#": "0",
                            "route.#": "1",
                            "route.1015092405.cidr_block": "0.0.0.0/0",
                            "route.1015092405.gateway_id": "igw-5c5a9835",
                            "route.1015092405.instance_id": "",
                            "route.1015092405.nat_gateway_id": "",
                            "route.1015092405.network_interface_id": "",
                            "route.1015092405.vpc_peering_connection_id": "",
                            "tags.%": "2",
                            "tags.Name": "Consul Cluster Public Route Table",
                            "tags.Project": "consul-cluster",
                            "vpc_id": "vpc-7c14c415"
                        },
                        "meta": {},
                        "tainted": false
                    },
                    "deposed": [],
                    "provider": ""
                },
                "aws_route_table_association.public-a": {
                    "type": "aws_route_table_association",
                    "depends_on": [
                        "aws_route_table.public",
                        "aws_subnet.public-a"
                    ],
                    "primary": {
                        "id": "rtbassoc-24b4184d",
                        "attributes": {
                            "id": "rtbassoc-24b4184d",
                            "route_table_id": "rtb-6b28f402",
                            "subnet_id": "subnet-b367c5da"
                        },
                        "meta": {},
                        "tainted": false
                    },
                    "deposed": [],
                    "provider": ""
                },
                "aws_route_table_association.public-b": {
                    "type": "aws_route_table_association",
                    "depends_on": [
                        "aws_route_table.public",
                        "aws_subnet.public-b"
                    ],
                    "primary": {
                        "id": "rtbassoc-25b4184c",
                        "attributes": {
                            "id": "rtbassoc-25b4184c",
                            "route_table_id": "rtb-6b28f402",
                            "subnet_id": "subnet-5727d62c"
                        },
                        "meta": {},
                        "tainted": false
                    },
                    "deposed": [],
                    "provider": ""
                },
                "aws_security_group.consul-cluster-public-ssh": {
                    "type": "aws_security_group",
                    "depends_on": [
                        "aws_vpc.consul-cluster"
                    ],
                    "primary": {
                        "id": "sg-3d289c54",
                        "attributes": {
                            "description": "Security group that allows SSH traffic from internet",
                            "egress.#": "0",
                            "id": "sg-3d289c54",
                            "ingress.#": "1",
                            "ingress.2541437006.cidr_blocks.#": "1",
                            "ingress.2541437006.cidr_blocks.0": "0.0.0.0/0",
                            "ingress.2541437006.from_port": "22",
                            "ingress.2541437006.protocol": "tcp",
                            "ingress.2541437006.security_groups.#": "0",
                            "ingress.2541437006.self": "false",
                            "ingress.2541437006.to_port": "22",
                            "name": "consul-cluster-public-ssh",
                            "owner_id": "801551588932",
                            "tags.%": "2",
                            "tags.Name": "Consul Cluster Public SSH",
                            "tags.Project": "consul-cluster",
                            "vpc_id": "vpc-7c14c415"
                        },
                        "meta": {},
                        "tainted": false
                    },
                    "deposed": [],
                    "provider": ""
                },
                "aws_security_group.consul-cluster-public-web": {
                    "type": "aws_security_group",
                    "depends_on": [
                        "aws_vpc.consul-cluster"
                    ],
                    "primary": {
                        "id": "sg-3b289c52",
                        "attributes": {
                            "description": "Security group that allows web traffic from internet",
                            "egress.#": "0",
                            "id": "sg-3b289c52",
                            "ingress.#": "3",
                            "ingress.2214680975.cidr_blocks.#": "1",
                            "ingress.2214680975.cidr_blocks.0": "0.0.0.0/0",
                            "ingress.2214680975.from_port": "80",
                            "ingress.2214680975.protocol": "tcp",
                            "ingress.2214680975.security_groups.#": "0",
                            "ingress.2214680975.self": "false",
                            "ingress.2214680975.to_port": "80",
                            "ingress.2617001939.cidr_blocks.#": "1",
                            "ingress.2617001939.cidr_blocks.0": "0.0.0.0/0",
                            "ingress.2617001939.from_port": "443",
                            "ingress.2617001939.protocol": "tcp",
                            "ingress.2617001939.security_groups.#": "0",
                            "ingress.2617001939.self": "false",
                            "ingress.2617001939.to_port": "443",
                            "ingress.3482902040.cidr_blocks.#": "1",
                            "ingress.3482902040.cidr_blocks.0": "0.0.0.0/0",
                            "ingress.3482902040.from_port": "8500",
                            "ingress.3482902040.protocol": "tcp",
                            "ingress.3482902040.security_groups.#": "0",
                            "ingress.3482902040.self": "false",
                            "ingress.3482902040.to_port": "8500",
                            "name": "consul-cluster-public-web",
                            "owner_id": "801551588932",
                            "tags.%": "2",
                            "tags.Name": "Consul Cluster Public Web",
                            "tags.Project": "consul-cluster",
                            "vpc_id": "vpc-7c14c415"
                        },
                        "meta": {},
                        "tainted": false
                    },
                    "deposed": [],
                    "provider": ""
                },
                "aws_security_group.consul-cluster-vpc": {
                    "type": "aws_security_group",
                    "depends_on": [
                        "aws_vpc.consul-cluster"
                    ],
                    "primary": {
                        "id": "sg-3a289c53",
                        "attributes": {
                            "description": "Default security group that allows inbound and outbound traffic from all instances in the VPC",
                            "egress.#": "3",
                            "egress.2214680975.cidr_blocks.#": "1",
                            "egress.2214680975.cidr_blocks.0": "0.0.0.0/0",
                            "egress.2214680975.from_port": "80",
                            "egress.2214680975.prefix_list_ids.#": "0",
                            "egress.2214680975.protocol": "tcp",
                            "egress.2214680975.security_groups.#": "0",
                            "egress.2214680975.self": "false",
                            "egress.2214680975.to_port": "80",
                            "egress.2617001939.cidr_blocks.#": "1",
                            "egress.2617001939.cidr_blocks.0": "0.0.0.0/0",
                            "egress.2617001939.from_port": "443",
                            "egress.2617001939.prefix_list_ids.#": "0",
                            "egress.2617001939.protocol": "tcp",
                            "egress.2617001939.security_groups.#": "0",
                            "egress.2617001939.self": "false",
                            "egress.2617001939.to_port": "443",
                            "egress.753360330.cidr_blocks.#": "0",
                            "egress.753360330.from_port": "0",
                            "egress.753360330.prefix_list_ids.#": "0",
                            "egress.753360330.protocol": "-1",
                            "egress.753360330.security_groups.#": "0",
                            "egress.753360330.self": "true",
                            "egress.753360330.to_port": "0",
                            "id": "sg-3a289c53",
                            "ingress.#": "1",
                            "ingress.753360330.cidr_blocks.#": "0",
                            "ingress.753360330.from_port": "0",
                            "ingress.753360330.protocol": "-1",
                            "ingress.753360330.security_groups.#": "0",
                            "ingress.753360330.self": "true",
                            "ingress.753360330.to_port": "0",
                            "name": "consul-cluster-vpc",
                            "owner_id": "801551588932",
                            "tags.%": "2",
                            "tags.Name": "Consul Cluster Internal VPC",
                            "tags.Project": "consul-cluster",
                            "vpc_id": "vpc-7c14c415"
                        },
                        "meta": {},
                        "tainted": false
                    },
                    "deposed": [],
                    "provider": ""
                },
                "aws_subnet.public-a": {
                    "type": "aws_subnet",
                    "depends_on": [
                        "aws_internet_gateway.consul-cluster",
                        "aws_vpc.consul-cluster"
                    ],
                    "primary": {
                        "id": "subnet-b367c5da",
                        "attributes": {
                            "availability_zone": "us-east-2a",
                            "cidr_block": "10.0.1.0/24",
                            "id": "subnet-b367c5da",
                            "map_public_ip_on_launch": "true",
                            "tags.%": "2",
                            "tags.Name": "Consul Cluster Public Subnet",
                            "tags.Project": "consul-cluster",
                            "vpc_id": "vpc-7c14c415"
                        },
                        "meta": {},
                        "tainted": false
                    },
                    "deposed": [],
                    "provider": ""
                },
                "aws_subnet.public-b": {
                    "type": "aws_subnet",
                    "depends_on": [
                        "aws_internet_gateway.consul-cluster",
                        "aws_vpc.consul-cluster"
                    ],
                    "primary": {
                        "id": "subnet-5727d62c",
                        "attributes": {
                            "availability_zone": "us-east-2b",
                            "cidr_block": "10.0.2.0/24",
                            "id": "subnet-5727d62c",
                            "map_public_ip_on_launch": "true",
                            "tags.%": "2",
                            "tags.Name": "Consul Cluster Public Subnet",
                            "tags.Project": "consul-cluster",
                            "vpc_id": "vpc-7c14c415"
                        },
                        "meta": {},
                        "tainted": false
                    },
                    "deposed": [],
                    "provider": ""
                },
                "aws_vpc.consul-cluster": {
                    "type": "aws_vpc",
                    "depends_on": [],
                    "primary": {
                        "id": "vpc-7c14c415",
                        "attributes": {
                            "cidr_block": "10.0.0.0/16",
                            "default_network_acl_id": "acl-2719c44e",
                            "default_route_table_id": "rtb-962ff3ff",
                            "default_security_group_id": "sg-22289c4b",
                            "dhcp_options_id": "dopt-140cc77d",
                            "enable_dns_hostnames": "true",
                            "enable_dns_support": "true",
                            "id": "vpc-7c14c415",
                            "instance_tenancy": "default",
                            "main_route_table_id": "rtb-962ff3ff",
                            "tags.%": "2",
                            "tags.Name": "Consul Cluster VPC",
                            "tags.Project": "consul-cluster"
                        },
                        "meta": {},
                        "tainted": false
                    },
                    "deposed": [],
                    "provider": ""
                },
                "data.aws_ami.amazonlinux": {
                    "type": "aws_ami",
                    "depends_on": [],
                    "primary": {
                        "id": "ami-39cd975c",
                        "attributes": {
                            "architecture": "x86_64",
                            "block_device_mappings.#": "1",
                            "block_device_mappings.3607311014.device_name": "/dev/xvda",
                            "block_device_mappings.3607311014.ebs.%": "6",
                            "block_device_mappings.3607311014.ebs.delete_on_termination": "true",
                            "block_device_mappings.3607311014.ebs.encrypted": "false",
                            "block_device_mappings.3607311014.ebs.iops": "0",
                            "block_device_mappings.3607311014.ebs.snapshot_id": "snap-075a64f8f5f3b11f7",
                            "block_device_mappings.3607311014.ebs.volume_size": "8",
                            "block_device_mappings.3607311014.ebs.volume_type": "standard",
                            "block_device_mappings.3607311014.no_device": "",
                            "block_device_mappings.3607311014.virtual_name": "",
                            "creation_date": "2016-12-20T23:23:51.000Z",
                            "description": "Amazon Linux AMI 2016.09.1.20161221 x86_64 HVM EBS",
                            "filter.#": "4",
                            "filter.1281954306.name": "root-device-type",
                            "filter.1281954306.values.#": "1",
                            "filter.1281954306.values.0": "ebs",
                            "filter.2313955347.name": "name",
                            "filter.2313955347.values.#": "1",
                            "filter.2313955347.values.0": "amzn-ami-hvm-*",
                            "filter.3386043752.name": "architecture",
                            "filter.3386043752.values.#": "1",
                            "filter.3386043752.values.0": "x86_64",
                            "filter.490168357.name": "virtualization-type",
                            "filter.490168357.values.#": "1",
                            "filter.490168357.values.0": "hvm",
                            "hypervisor": "xen",
                            "id": "ami-39cd975c",
                            "image_id": "ami-39cd975c",
                            "image_location": "amazon/amzn-ami-hvm-2016.09.1.20161221-x86_64-ebs",
                            "image_owner_alias": "amazon",
                            "image_type": "machine",
                            "most_recent": "true",
                            "name": "amzn-ami-hvm-2016.09.1.20161221-x86_64-ebs",
                            "owner_id": "137112412989",
                            "owners.#": "1",
                            "owners.0": "137112412989",
                            "product_codes.#": "0",
                            "public": "true",
                            "root_device_name": "/dev/xvda",
                            "root_device_type": "ebs",
                            "sriov_net_support": "simple",
                            "state": "available",
                            "state_reason.%": "2",
                            "state_reason.code": "UNSET",
                            "state_reason.message": "UNSET",
                            "tags.#": "0",
                            "virtualization_type": "hvm"
                        },
                        "meta": {},
                        "tainted": false
                    },
                    "deposed": [],
                    "provider": ""
                },
                "data.template_file.consul": {
                    "type": "template_file",
                    "depends_on": [],
                    "primary": {
                        "id": "08bb41d027c9d242f3de21bfb823fb84674cde32396ad11af40c07d5ec133aa9",
                        "attributes": {
                            "id": "08bb41d027c9d242f3de21bfb823fb84674cde32396ad11af40c07d5ec133aa9",
                            "rendered": "#!/bin/bash\n\nexport ASG_NAME=\"consul-asg\"\nexport REGION=\"us-east-2\"\nexport EXPECTED_SIZE=\"5\"\n\ncurl https://raw.githubusercontent.com/arehmandev/Consul-bashstrap/master/consul-node.sh | sh\n\necho \"Bootstrap completed\"\n",
                            "template": "#!/bin/bash\n\nexport ASG_NAME=\"${asgname}\"\nexport REGION=\"${region}\"\nexport EXPECTED_SIZE=\"${size}\"\n\ncurl https://raw.githubusercontent.com/arehmandev/Consul-bashstrap/master/consul-node.sh | sh\n\necho \"Bootstrap completed\"\n",
                            "vars.%": "3",
                            "vars.asgname": "consul-asg",
                            "vars.region": "us-east-2",
                            "vars.size": "5"
                        },
                        "meta": {},
                        "tainted": false
                    },
                    "deposed": [],
                    "provider": ""
                }
            },
            "depends_on": []
        }
    ]
}
